
Microsoft Visual Studio Solution File, Format Version 12.00
# Visual Studio Version 17
VisualStudioVersion = 17.10.35013.160
MinimumVisualStudioVersion = 10.0.40219.1
Project("{FAE04EC0-301F-11D3-BF4B-00C04F79EFBC}") = "SolWatch", "SolWatch\SolWatch.csproj", "{78EA1041-1CCA-44FB-B302-471F3CCD15D1}"
EndProject
Project("{FAE04EC0-301F-11D3-BF4B-00C04F79EFBC}") = "SolWatchTests", "SolWatchTests\SolWatchTests.csproj", "{8C231191-72FA-4269-A54E-C96517971381}"
EndProject
Global
	GlobalSection(SolutionConfigurationPlatforms) = preSolution
		Debug|Any CPU = Debug|Any CPU
		Release|Any CPU = Release|Any CPU
	EndGlobalSection
	GlobalSection(ProjectConfigurationPlatforms) = postSolution
		{78EA1041-1CCA-44FB-B302-471F3CCD15D1}.Debug|Any CPU.ActiveCfg = Debug|Any CPU
		{78EA1041-1CCA-44FB-B302-471F3CCD15D1}.Debug|Any CPU.Build.0 = Debug|Any CPU
		{78EA1041-1CCA-44FB-B302-471F3CCD15D1}.Release|Any CPU.ActiveCfg = Release|Any CPU
		{78EA1041-1CCA-44FB-B302-471F3CCD15D1}.Release|Any CPU.Build.0 = Release|Any CPU
		{8C231191-72FA-4269-A54E-C96517971381}.Debug|Any CPU.ActiveCfg = Debug|Any CPU
		{8C231191-72FA-4269-A54E-C96517971381}.Debug|Any CPU.Build.0 = Debug|Any CPU
		{8C231191-72FA-4269-A54E-C96517971381}.Release|Any CPU.ActiveCfg = Release|Any CPU
		{8C231191-72FA-4269-A54E-C96517971381}.Release|Any CPU.Build.0 = Release|Any CPU
	EndGlobalSection
	GlobalSection(SolutionProperties) = preSolution
		HideSolutionNode = FALSE
	EndGlobalSection
	GlobalSection(ExtensibilityGlobals) = postSolution
		SolutionGuid = {093E9D50-02E8-4282-B70D-77CEEBD13118}
	EndGlobalSection
EndGlobal
